
Microsoft Visual Studio Solution File, Format Version 12.00
# Visual Studio 14
VisualStudioVersion = 14.0.25420.1
MinimumVisualStudioVersion = 10.0.40219.1
Project("{FAE04EC0-301F-11D3-BF4B-00C04F79EFBC}") = "Jedzenie", "Jedzenie\Jedzenie.csproj", "{9871D166-1F5B-4329-A5D9-0EF21A86114C}"
EndProject
Project("{FAE04EC0-301F-11D3-BF4B-00C04F79EFBC}") = "Parsers", "ParserPodwale\Parsers.csproj", "{E7DA3AC4-4015-43E2-8BC4-EC1B79CF148D}"
EndProject
Project("{FAE04EC0-301F-11D3-BF4B-00C04F79EFBC}") = "Models", "Models\Models.csproj", "{786A39CE-FB22-4981-AA32-D4609C3D9491}"
EndProject
Global
	GlobalSection(SolutionConfigurationPlatforms) = preSolution
		Debug|Any CPU = Debug|Any CPU
		Release|Any CPU = Release|Any CPU
	EndGlobalSection
	GlobalSection(ProjectConfigurationPlatforms) = postSolution
		{9871D166-1F5B-4329-A5D9-0EF21A86114C}.Debug|Any CPU.ActiveCfg = Debug|Any CPU
		{9871D166-1F5B-4329-A5D9-0EF21A86114C}.Debug|Any CPU.Build.0 = Debug|Any CPU
		{9871D166-1F5B-4329-A5D9-0EF21A86114C}.Release|Any CPU.ActiveCfg = Release|Any CPU
		{9871D166-1F5B-4329-A5D9-0EF21A86114C}.Release|Any CPU.Build.0 = Release|Any CPU
		{E7DA3AC4-4015-43E2-8BC4-EC1B79CF148D}.Debug|Any CPU.ActiveCfg = Debug|Any CPU
		{E7DA3AC4-4015-43E2-8BC4-EC1B79CF148D}.Debug|Any CPU.Build.0 = Debug|Any CPU
		{E7DA3AC4-4015-43E2-8BC4-EC1B79CF148D}.Release|Any CPU.ActiveCfg = Release|Any CPU
		{E7DA3AC4-4015-43E2-8BC4-EC1B79CF148D}.Release|Any CPU.Build.0 = Release|Any CPU
		{786A39CE-FB22-4981-AA32-D4609C3D9491}.Debug|Any CPU.ActiveCfg = Debug|Any CPU
		{786A39CE-FB22-4981-AA32-D4609C3D9491}.Debug|Any CPU.Build.0 = Debug|Any CPU
		{786A39CE-FB22-4981-AA32-D4609C3D9491}.Release|Any CPU.ActiveCfg = Release|Any CPU
		{786A39CE-FB22-4981-AA32-D4609C3D9491}.Release|Any CPU.Build.0 = Release|Any CPU
	EndGlobalSection
	GlobalSection(SolutionProperties) = preSolution
		HideSolutionNode = FALSE
	EndGlobalSection
EndGlobal
